
Microsoft Visual Studio Solution File, Format Version 12.00
# Visual Studio Version 17
VisualStudioVersion = 17.6.33829.357
MinimumVisualStudioVersion = 10.0.40219.1
Project("{9A19103F-16F7-4668-BE54-9A1E7A4F7556}") = "Dice Roller 0.1", "Dice Roller 0.1\Dice Roller 0.1.csproj", "{B32990FA-E12C-4321-ACD4-9F7849D506A2}"
EndProject
Global
	GlobalSection(SolutionConfigurationPlatforms) = preSolution
		Debug|Any CPU = Debug|Any CPU
		Release|Any CPU = Release|Any CPU
	EndGlobalSection
	GlobalSection(ProjectConfigurationPlatforms) = postSolution
		{B32990FA-E12C-4321-ACD4-9F7849D506A2}.Debug|Any CPU.ActiveCfg = Debug|Any CPU
		{B32990FA-E12C-4321-ACD4-9F7849D506A2}.Debug|Any CPU.Build.0 = Debug|Any CPU
		{B32990FA-E12C-4321-ACD4-9F7849D506A2}.Release|Any CPU.ActiveCfg = Release|Any CPU
		{B32990FA-E12C-4321-ACD4-9F7849D506A2}.Release|Any CPU.Build.0 = Release|Any CPU
	EndGlobalSection
	GlobalSection(SolutionProperties) = preSolution
		HideSolutionNode = FALSE
	EndGlobalSection
	GlobalSection(ExtensibilityGlobals) = postSolution
		SolutionGuid = {4ADE1B01-F8ED-4DD0-8EC4-B7C2AA680FD4}
	EndGlobalSection
EndGlobal
